
Microsoft Visual Studio Solution File, Format Version 12.00
# Visual Studio Version 17
VisualStudioVersion = 17.4.33213.308
MinimumVisualStudioVersion = 10.0.40219.1
Project("{9A19103F-16F7-4668-BE54-9A1E7A4F7556}") = "eShopSolution.WebApp", "eShopSolution.WebApp\eShopSolution.WebApp.csproj", "{1D19D06C-C6B6-4A55-875A-0739A7F77605}"
EndProject
Project("{2150E333-8FDC-42A3-9474-1A3956D46DE8}") = "Solution Items", "Solution Items", "{B2AF28EC-3E4F-4EB8-A298-364FD5648138}"
	ProjectSection(SolutionItems) = preProject
		README.md = README.md
	EndProjectSection
EndProject
Project("{9A19103F-16F7-4668-BE54-9A1E7A4F7556}") = "eShopSolution.Data", "eShopSolution.Data\eShopSolution.Data.csproj", "{C69C10AF-AA9F-41CD-9A42-DC6CDAB3A2C6}"
EndProject
Project("{9A19103F-16F7-4668-BE54-9A1E7A4F7556}") = "eShopolution.Application", "eShopolution.Application\eShopolution.Application.csproj", "{9D13BB5F-9EC8-40A6-B147-3CF09A7BE816}"
EndProject
Project("{FAE04EC0-301F-11D3-BF4B-00C04F79EFBC}") = "eShopSolution.Utilities", "eShopSolution.Utilities\eShopSolution.Utilities.csproj", "{07C2966C-6AB7-46E2-B080-B89896063E52}"
EndProject
Global
	GlobalSection(SolutionConfigurationPlatforms) = preSolution
		Debug|Any CPU = Debug|Any CPU
		Release|Any CPU = Release|Any CPU
	EndGlobalSection
	GlobalSection(ProjectConfigurationPlatforms) = postSolution
		{1D19D06C-C6B6-4A55-875A-0739A7F77605}.Debug|Any CPU.ActiveCfg = Debug|Any CPU
		{1D19D06C-C6B6-4A55-875A-0739A7F77605}.Debug|Any CPU.Build.0 = Debug|Any CPU
		{1D19D06C-C6B6-4A55-875A-0739A7F77605}.Release|Any CPU.ActiveCfg = Release|Any CPU
		{1D19D06C-C6B6-4A55-875A-0739A7F77605}.Release|Any CPU.Build.0 = Release|Any CPU
		{C69C10AF-AA9F-41CD-9A42-DC6CDAB3A2C6}.Debug|Any CPU.ActiveCfg = Debug|Any CPU
		{C69C10AF-AA9F-41CD-9A42-DC6CDAB3A2C6}.Debug|Any CPU.Build.0 = Debug|Any CPU
		{C69C10AF-AA9F-41CD-9A42-DC6CDAB3A2C6}.Release|Any CPU.ActiveCfg = Release|Any CPU
		{C69C10AF-AA9F-41CD-9A42-DC6CDAB3A2C6}.Release|Any CPU.Build.0 = Release|Any CPU
		{9D13BB5F-9EC8-40A6-B147-3CF09A7BE816}.Debug|Any CPU.ActiveCfg = Debug|Any CPU
		{9D13BB5F-9EC8-40A6-B147-3CF09A7BE816}.Debug|Any CPU.Build.0 = Debug|Any CPU
		{9D13BB5F-9EC8-40A6-B147-3CF09A7BE816}.Release|Any CPU.ActiveCfg = Release|Any CPU
		{9D13BB5F-9EC8-40A6-B147-3CF09A7BE816}.Release|Any CPU.Build.0 = Release|Any CPU
		{07C2966C-6AB7-46E2-B080-B89896063E52}.Debug|Any CPU.ActiveCfg = Debug|Any CPU
		{07C2966C-6AB7-46E2-B080-B89896063E52}.Debug|Any CPU.Build.0 = Debug|Any CPU
		{07C2966C-6AB7-46E2-B080-B89896063E52}.Release|Any CPU.ActiveCfg = Release|Any CPU
		{07C2966C-6AB7-46E2-B080-B89896063E52}.Release|Any CPU.Build.0 = Release|Any CPU
	EndGlobalSection
	GlobalSection(SolutionProperties) = preSolution
		HideSolutionNode = FALSE
	EndGlobalSection
	GlobalSection(ExtensibilityGlobals) = postSolution
		SolutionGuid = {569BCF3F-61A5-4385-9C90-8BB3C8C3474B}
	EndGlobalSection
EndGlobal
